
Microsoft Visual Studio Solution File, Format Version 12.00
# Visual Studio Version 17
VisualStudioVersion = 17.11.35222.181
MinimumVisualStudioVersion = 10.0.40219.1
Project("{FAE04EC0-301F-11D3-BF4B-00C04F79EFBC}") = "Practica04", "Practica04\Practica04.csproj", "{524F07DF-A693-462E-B72D-35A325713A23}"
EndProject
Project("{FAE04EC0-301F-11D3-BF4B-00C04F79EFBC}") = "Negocio", "Negocio\Negocio.csproj", "{9BF9A18A-E91A-4510-BDC9-FE6593897A68}"
EndProject
Global
	GlobalSection(SolutionConfigurationPlatforms) = preSolution
		Debug|Any CPU = Debug|Any CPU
		Release|Any CPU = Release|Any CPU
	EndGlobalSection
	GlobalSection(ProjectConfigurationPlatforms) = postSolution
		{524F07DF-A693-462E-B72D-35A325713A23}.Debug|Any CPU.ActiveCfg = Debug|Any CPU
		{524F07DF-A693-462E-B72D-35A325713A23}.Debug|Any CPU.Build.0 = Debug|Any CPU
		{524F07DF-A693-462E-B72D-35A325713A23}.Release|Any CPU.ActiveCfg = Release|Any CPU
		{524F07DF-A693-462E-B72D-35A325713A23}.Release|Any CPU.Build.0 = Release|Any CPU
		{9BF9A18A-E91A-4510-BDC9-FE6593897A68}.Debug|Any CPU.ActiveCfg = Debug|Any CPU
		{9BF9A18A-E91A-4510-BDC9-FE6593897A68}.Debug|Any CPU.Build.0 = Debug|Any CPU
		{9BF9A18A-E91A-4510-BDC9-FE6593897A68}.Release|Any CPU.ActiveCfg = Release|Any CPU
		{9BF9A18A-E91A-4510-BDC9-FE6593897A68}.Release|Any CPU.Build.0 = Release|Any CPU
	EndGlobalSection
	GlobalSection(SolutionProperties) = preSolution
		HideSolutionNode = FALSE
	EndGlobalSection
	GlobalSection(ExtensibilityGlobals) = postSolution
		SolutionGuid = {A6608B8F-D517-4A05-A451-824143D2E30B}
	EndGlobalSection
EndGlobal
