
Microsoft Visual Studio Solution File, Format Version 12.00
# Visual Studio Version 17
VisualStudioVersion = 17.11.35222.181
MinimumVisualStudioVersion = 10.0.40219.1
Project("{FAE04EC0-301F-11D3-BF4B-00C04F79EFBC}") = "PracticaParcial1.0", "PracticaParcial1.0\PracticaParcial1.0.csproj", "{2EFAEE27-C0BC-4A1D-95A3-9B5B5C242CA8}"
EndProject
Project("{FAE04EC0-301F-11D3-BF4B-00C04F79EFBC}") = "Negocio", "Negocio\Negocio.csproj", "{B2BBB6DF-7880-4419-BD9A-B0711D689F72}"
EndProject
Global
	GlobalSection(SolutionConfigurationPlatforms) = preSolution
		Debug|Any CPU = Debug|Any CPU
		Release|Any CPU = Release|Any CPU
	EndGlobalSection
	GlobalSection(ProjectConfigurationPlatforms) = postSolution
		{2EFAEE27-C0BC-4A1D-95A3-9B5B5C242CA8}.Debug|Any CPU.ActiveCfg = Debug|Any CPU
		{2EFAEE27-C0BC-4A1D-95A3-9B5B5C242CA8}.Debug|Any CPU.Build.0 = Debug|Any CPU
		{2EFAEE27-C0BC-4A1D-95A3-9B5B5C242CA8}.Release|Any CPU.ActiveCfg = Release|Any CPU
		{2EFAEE27-C0BC-4A1D-95A3-9B5B5C242CA8}.Release|Any CPU.Build.0 = Release|Any CPU
		{B2BBB6DF-7880-4419-BD9A-B0711D689F72}.Debug|Any CPU.ActiveCfg = Debug|Any CPU
		{B2BBB6DF-7880-4419-BD9A-B0711D689F72}.Debug|Any CPU.Build.0 = Debug|Any CPU
		{B2BBB6DF-7880-4419-BD9A-B0711D689F72}.Release|Any CPU.ActiveCfg = Release|Any CPU
		{B2BBB6DF-7880-4419-BD9A-B0711D689F72}.Release|Any CPU.Build.0 = Release|Any CPU
	EndGlobalSection
	GlobalSection(SolutionProperties) = preSolution
		HideSolutionNode = FALSE
	EndGlobalSection
	GlobalSection(ExtensibilityGlobals) = postSolution
		SolutionGuid = {AA5ED182-3259-4DE4-A5FB-EA97ACDB11E5}
	EndGlobalSection
EndGlobal
