
Microsoft Visual Studio Solution File, Format Version 12.00
# Visual Studio Version 17
VisualStudioVersion = 17.11.35222.181
MinimumVisualStudioVersion = 10.0.40219.1
Project("{FAE04EC0-301F-11D3-BF4B-00C04F79EFBC}") = "Practica02", "Practica02\Practica02.csproj", "{2B81B61D-57C5-4A11-A752-5CA5E9170EF2}"
EndProject
Project("{FAE04EC0-301F-11D3-BF4B-00C04F79EFBC}") = "Practica02Back", "Practica02Back\Practica02Back.csproj", "{1F076462-2C44-42B6-AB89-4EEE5274A067}"
EndProject
Global
	GlobalSection(SolutionConfigurationPlatforms) = preSolution
		Debug|Any CPU = Debug|Any CPU
		Release|Any CPU = Release|Any CPU
	EndGlobalSection
	GlobalSection(ProjectConfigurationPlatforms) = postSolution
		{2B81B61D-57C5-4A11-A752-5CA5E9170EF2}.Debug|Any CPU.ActiveCfg = Debug|Any CPU
		{2B81B61D-57C5-4A11-A752-5CA5E9170EF2}.Debug|Any CPU.Build.0 = Debug|Any CPU
		{2B81B61D-57C5-4A11-A752-5CA5E9170EF2}.Release|Any CPU.ActiveCfg = Release|Any CPU
		{2B81B61D-57C5-4A11-A752-5CA5E9170EF2}.Release|Any CPU.Build.0 = Release|Any CPU
		{1F076462-2C44-42B6-AB89-4EEE5274A067}.Debug|Any CPU.ActiveCfg = Debug|Any CPU
		{1F076462-2C44-42B6-AB89-4EEE5274A067}.Debug|Any CPU.Build.0 = Debug|Any CPU
		{1F076462-2C44-42B6-AB89-4EEE5274A067}.Release|Any CPU.ActiveCfg = Release|Any CPU
		{1F076462-2C44-42B6-AB89-4EEE5274A067}.Release|Any CPU.Build.0 = Release|Any CPU
	EndGlobalSection
	GlobalSection(SolutionProperties) = preSolution
		HideSolutionNode = FALSE
	EndGlobalSection
	GlobalSection(ExtensibilityGlobals) = postSolution
		SolutionGuid = {C84BD58F-B233-4B5E-ACFE-2BCBE727BCF2}
	EndGlobalSection
EndGlobal
